
Microsoft Visual Studio Solution File, Format Version 12.00
# Visual Studio 2013
VisualStudioVersion = 12.0.21005.1
MinimumVisualStudioVersion = 10.0.40219.1
Project("{FAE04EC0-301F-11D3-BF4B-00C04F79EFBC}") = "CallR", "CallR\CallR.csproj", "{C00EE7A2-2EF9-46A8-AC46-5EFAAD359D2A}"
EndProject
Project("{FAE04EC0-301F-11D3-BF4B-00C04F79EFBC}") = "CallR.Sample", "CallR.Sample\CallR.Sample.csproj", "{A368FB83-7E02-4D49-A001-C97F7FED40A3}"
EndProject
Global
	GlobalSection(SolutionConfigurationPlatforms) = preSolution
		Debug|Any CPU = Debug|Any CPU
		Release|Any CPU = Release|Any CPU
	EndGlobalSection
	GlobalSection(ProjectConfigurationPlatforms) = postSolution
		{C00EE7A2-2EF9-46A8-AC46-5EFAAD359D2A}.Debug|Any CPU.ActiveCfg = Debug|Any CPU
		{C00EE7A2-2EF9-46A8-AC46-5EFAAD359D2A}.Debug|Any CPU.Build.0 = Debug|Any CPU
		{C00EE7A2-2EF9-46A8-AC46-5EFAAD359D2A}.Release|Any CPU.ActiveCfg = Release|Any CPU
		{C00EE7A2-2EF9-46A8-AC46-5EFAAD359D2A}.Release|Any CPU.Build.0 = Release|Any CPU
		{A368FB83-7E02-4D49-A001-C97F7FED40A3}.Debug|Any CPU.ActiveCfg = Debug|Any CPU
		{A368FB83-7E02-4D49-A001-C97F7FED40A3}.Debug|Any CPU.Build.0 = Debug|Any CPU
		{A368FB83-7E02-4D49-A001-C97F7FED40A3}.Release|Any CPU.ActiveCfg = Release|Any CPU
		{A368FB83-7E02-4D49-A001-C97F7FED40A3}.Release|Any CPU.Build.0 = Release|Any CPU
	EndGlobalSection
	GlobalSection(SolutionProperties) = preSolution
		HideSolutionNode = FALSE
	EndGlobalSection
EndGlobal
